
Microsoft Visual Studio Solution File, Format Version 12.00
Project("{FAE04EC0-301F-11D3-BF4B-00C04F79EFBC}") = "AuthorAPI", "AuthorAPI\AuthorAPI.csproj", "{927A26C1-DDD0-4788-87AF-D6234F3106FD}"
EndProject
Project("{FAE04EC0-301F-11D3-BF4B-00C04F79EFBC}") = "AuthorBlazor", "AuthorBlazor\AuthorBlazor.csproj", "{2C13B1F2-E85C-4561-8535-83FCB2332928}"
EndProject
Global
	GlobalSection(SolutionConfigurationPlatforms) = preSolution
		Debug|Any CPU = Debug|Any CPU
		Release|Any CPU = Release|Any CPU
	EndGlobalSection
	GlobalSection(ProjectConfigurationPlatforms) = postSolution
		{927A26C1-DDD0-4788-87AF-D6234F3106FD}.Debug|Any CPU.ActiveCfg = Debug|Any CPU
		{927A26C1-DDD0-4788-87AF-D6234F3106FD}.Debug|Any CPU.Build.0 = Debug|Any CPU
		{927A26C1-DDD0-4788-87AF-D6234F3106FD}.Release|Any CPU.ActiveCfg = Release|Any CPU
		{927A26C1-DDD0-4788-87AF-D6234F3106FD}.Release|Any CPU.Build.0 = Release|Any CPU
		{2C13B1F2-E85C-4561-8535-83FCB2332928}.Debug|Any CPU.ActiveCfg = Debug|Any CPU
		{2C13B1F2-E85C-4561-8535-83FCB2332928}.Debug|Any CPU.Build.0 = Debug|Any CPU
		{2C13B1F2-E85C-4561-8535-83FCB2332928}.Release|Any CPU.ActiveCfg = Release|Any CPU
		{2C13B1F2-E85C-4561-8535-83FCB2332928}.Release|Any CPU.Build.0 = Release|Any CPU
	EndGlobalSection
EndGlobal
